
Microsoft Visual Studio Solution File, Format Version 12.00
# Visual Studio Version 16
VisualStudioVersion = 16.0.29409.12
MinimumVisualStudioVersion = 10.0.40219.1
Project("{FAE04EC0-301F-11D3-BF4B-00C04F79EFBC}") = "3", "3\3.csproj", "{CAFB98BF-AB8D-4B8B-B575-E5B2E470017B}"
EndProject
Global
	GlobalSection(SolutionConfigurationPlatforms) = preSolution
		Debug|Any CPU = Debug|Any CPU
		Release|Any CPU = Release|Any CPU
	EndGlobalSection
	GlobalSection(ProjectConfigurationPlatforms) = postSolution
		{CAFB98BF-AB8D-4B8B-B575-E5B2E470017B}.Debug|Any CPU.ActiveCfg = Debug|Any CPU
		{CAFB98BF-AB8D-4B8B-B575-E5B2E470017B}.Debug|Any CPU.Build.0 = Debug|Any CPU
		{CAFB98BF-AB8D-4B8B-B575-E5B2E470017B}.Release|Any CPU.ActiveCfg = Release|Any CPU
		{CAFB98BF-AB8D-4B8B-B575-E5B2E470017B}.Release|Any CPU.Build.0 = Release|Any CPU
	EndGlobalSection
	GlobalSection(SolutionProperties) = preSolution
		HideSolutionNode = FALSE
	EndGlobalSection
	GlobalSection(ExtensibilityGlobals) = postSolution
		SolutionGuid = {2CC928EA-C1D1-44E9-8D16-60FC8D208D5D}
	EndGlobalSection
EndGlobal
